
Microsoft Visual Studio Solution File, Format Version 12.00
# Visual Studio 2013
VisualStudioVersion = 12.0.40629.0
MinimumVisualStudioVersion = 10.0.40219.1
Project("{FAE04EC0-301F-11D3-BF4B-00C04F79EFBC}") = "CodeGen.Data", "CodeGen.Data\CodeGen.Data.csproj", "{127B75DC-80B0-4CAE-A112-3869C279D502}"
EndProject
Project("{FAE04EC0-301F-11D3-BF4B-00C04F79EFBC}") = "CodeGen.Test", "CodeGen.Test\CodeGen.Test.csproj", "{69C2DC27-6FBD-4A36-8E18-35576828AA17}"
EndProject
Project("{FAE04EC0-301F-11D3-BF4B-00C04F79EFBC}") = "CodeGen.UI", "CodeGen.UI\CodeGen.UI.csproj", "{1A86D465-42B1-409B-BF4E-3ED9C61FE46F}"
EndProject
Global
	GlobalSection(SolutionConfigurationPlatforms) = preSolution
		Debug|Any CPU = Debug|Any CPU
		Release|Any CPU = Release|Any CPU
	EndGlobalSection
	GlobalSection(ProjectConfigurationPlatforms) = postSolution
		{127B75DC-80B0-4CAE-A112-3869C279D502}.Debug|Any CPU.ActiveCfg = Debug|Any CPU
		{127B75DC-80B0-4CAE-A112-3869C279D502}.Debug|Any CPU.Build.0 = Debug|Any CPU
		{127B75DC-80B0-4CAE-A112-3869C279D502}.Release|Any CPU.ActiveCfg = Release|Any CPU
		{127B75DC-80B0-4CAE-A112-3869C279D502}.Release|Any CPU.Build.0 = Release|Any CPU
		{69C2DC27-6FBD-4A36-8E18-35576828AA17}.Debug|Any CPU.ActiveCfg = Debug|Any CPU
		{69C2DC27-6FBD-4A36-8E18-35576828AA17}.Debug|Any CPU.Build.0 = Debug|Any CPU
		{69C2DC27-6FBD-4A36-8E18-35576828AA17}.Release|Any CPU.ActiveCfg = Release|Any CPU
		{69C2DC27-6FBD-4A36-8E18-35576828AA17}.Release|Any CPU.Build.0 = Release|Any CPU
		{1A86D465-42B1-409B-BF4E-3ED9C61FE46F}.Debug|Any CPU.ActiveCfg = Debug|Any CPU
		{1A86D465-42B1-409B-BF4E-3ED9C61FE46F}.Debug|Any CPU.Build.0 = Debug|Any CPU
		{1A86D465-42B1-409B-BF4E-3ED9C61FE46F}.Release|Any CPU.ActiveCfg = Release|Any CPU
		{1A86D465-42B1-409B-BF4E-3ED9C61FE46F}.Release|Any CPU.Build.0 = Release|Any CPU
	EndGlobalSection
	GlobalSection(SolutionProperties) = preSolution
		HideSolutionNode = FALSE
	EndGlobalSection
EndGlobal
